
Microsoft Visual Studio Solution File, Format Version 12.00
# Visual Studio 15
VisualStudioVersion = 15.0.28307.329
MinimumVisualStudioVersion = 10.0.40219.1
Project("{FAE04EC0-301F-11D3-BF4B-00C04F79EFBC}") = "CIUNAC2019", "CIUNAC2019\CIUNAC2019.csproj", "{DE14D537-6BED-4FEB-8B9A-D8C9D40FAA5C}"
EndProject
Project("{2150E333-8FDC-42A3-9474-1A3956D46DE8}") = "1. Presentacion", "1. Presentacion", "{FC8FF6EA-A877-48FE-ABBE-2B6EE0B38FF6}"
EndProject
Project("{2150E333-8FDC-42A3-9474-1A3956D46DE8}") = "2. Dominio", "2. Dominio", "{3DF0DCCC-5A0F-4454-B3A0-E7896D8D81F7}"
EndProject
Project("{2150E333-8FDC-42A3-9474-1A3956D46DE8}") = "3. Infraestructura", "3. Infraestructura", "{944935E7-4A87-4032-B670-A9E93D34E7E1}"
EndProject
Project("{2150E333-8FDC-42A3-9474-1A3956D46DE8}") = "Web", "Web", "{39FB4F85-B2C2-43A1-A868-43449EA373EE}"
EndProject
Project("{2150E333-8FDC-42A3-9474-1A3956D46DE8}") = "ASP.NET.MVC", "ASP.NET.MVC", "{BC8ACCFE-E79C-4F18-A88D-A90205F1FC6C}"
EndProject
Project("{2150E333-8FDC-42A3-9474-1A3956D46DE8}") = "MainModule", "MainModule", "{015A2161-3CAB-46C1-A973-625E1B5CE969}"
EndProject
Project("{2150E333-8FDC-42A3-9474-1A3956D46DE8}") = "Core", "Core", "{7420E168-29EB-4EB3-8078-BF41C7C2044E}"
EndProject
Project("{FAE04EC0-301F-11D3-BF4B-00C04F79EFBC}") = "Dominio.MainModule", "Dominio.MainModule\Dominio.MainModule.csproj", "{805E152A-7738-4612-B376-A5FB4D7B9DF2}"
EndProject
Project("{FAE04EC0-301F-11D3-BF4B-00C04F79EFBC}") = "Dominio.Core.Entities", "Dominio.Core.Entities\Dominio.Core.Entities.csproj", "{B245C6AC-5498-44BA-93F3-831B12D1FFD4}"
EndProject
Project("{FAE04EC0-301F-11D3-BF4B-00C04F79EFBC}") = "Infraestructura.Data.MySQL", "Infraestructura.Data.MySQL\Infraestructura.Data.MySQL.csproj", "{8823086F-3E2C-4C96-91BC-C1583D19AF13}"
EndProject
Global
	GlobalSection(SolutionConfigurationPlatforms) = preSolution
		Debug|Any CPU = Debug|Any CPU
		Release|Any CPU = Release|Any CPU
	EndGlobalSection
	GlobalSection(ProjectConfigurationPlatforms) = postSolution
		{DE14D537-6BED-4FEB-8B9A-D8C9D40FAA5C}.Debug|Any CPU.ActiveCfg = Debug|Any CPU
		{DE14D537-6BED-4FEB-8B9A-D8C9D40FAA5C}.Debug|Any CPU.Build.0 = Debug|Any CPU
		{DE14D537-6BED-4FEB-8B9A-D8C9D40FAA5C}.Release|Any CPU.ActiveCfg = Release|Any CPU
		{DE14D537-6BED-4FEB-8B9A-D8C9D40FAA5C}.Release|Any CPU.Build.0 = Release|Any CPU
		{805E152A-7738-4612-B376-A5FB4D7B9DF2}.Debug|Any CPU.ActiveCfg = Debug|Any CPU
		{805E152A-7738-4612-B376-A5FB4D7B9DF2}.Debug|Any CPU.Build.0 = Debug|Any CPU
		{805E152A-7738-4612-B376-A5FB4D7B9DF2}.Release|Any CPU.ActiveCfg = Release|Any CPU
		{805E152A-7738-4612-B376-A5FB4D7B9DF2}.Release|Any CPU.Build.0 = Release|Any CPU
		{B245C6AC-5498-44BA-93F3-831B12D1FFD4}.Debug|Any CPU.ActiveCfg = Debug|Any CPU
		{B245C6AC-5498-44BA-93F3-831B12D1FFD4}.Debug|Any CPU.Build.0 = Debug|Any CPU
		{B245C6AC-5498-44BA-93F3-831B12D1FFD4}.Release|Any CPU.ActiveCfg = Release|Any CPU
		{B245C6AC-5498-44BA-93F3-831B12D1FFD4}.Release|Any CPU.Build.0 = Release|Any CPU
		{8823086F-3E2C-4C96-91BC-C1583D19AF13}.Debug|Any CPU.ActiveCfg = Debug|Any CPU
		{8823086F-3E2C-4C96-91BC-C1583D19AF13}.Debug|Any CPU.Build.0 = Debug|Any CPU
		{8823086F-3E2C-4C96-91BC-C1583D19AF13}.Release|Any CPU.ActiveCfg = Release|Any CPU
		{8823086F-3E2C-4C96-91BC-C1583D19AF13}.Release|Any CPU.Build.0 = Release|Any CPU
	EndGlobalSection
	GlobalSection(SolutionProperties) = preSolution
		HideSolutionNode = FALSE
	EndGlobalSection
	GlobalSection(NestedProjects) = preSolution
		{DE14D537-6BED-4FEB-8B9A-D8C9D40FAA5C} = {BC8ACCFE-E79C-4F18-A88D-A90205F1FC6C}
		{39FB4F85-B2C2-43A1-A868-43449EA373EE} = {FC8FF6EA-A877-48FE-ABBE-2B6EE0B38FF6}
		{BC8ACCFE-E79C-4F18-A88D-A90205F1FC6C} = {39FB4F85-B2C2-43A1-A868-43449EA373EE}
		{015A2161-3CAB-46C1-A973-625E1B5CE969} = {3DF0DCCC-5A0F-4454-B3A0-E7896D8D81F7}
		{7420E168-29EB-4EB3-8078-BF41C7C2044E} = {3DF0DCCC-5A0F-4454-B3A0-E7896D8D81F7}
		{805E152A-7738-4612-B376-A5FB4D7B9DF2} = {015A2161-3CAB-46C1-A973-625E1B5CE969}
		{B245C6AC-5498-44BA-93F3-831B12D1FFD4} = {7420E168-29EB-4EB3-8078-BF41C7C2044E}
		{8823086F-3E2C-4C96-91BC-C1583D19AF13} = {944935E7-4A87-4032-B670-A9E93D34E7E1}
	EndGlobalSection
	GlobalSection(ExtensibilityGlobals) = postSolution
		SolutionGuid = {487631A8-8BA9-4199-9525-6CB22FB4279D}
	EndGlobalSection
EndGlobal
